
Microsoft Visual Studio Solution File, Format Version 12.00
# Visual Studio Version 17
VisualStudioVersion = 17.5.33424.131
MinimumVisualStudioVersion = 10.0.40219.1
Project("{9A19103F-16F7-4668-BE54-9A1E7A4F7556}") = "StockPriceListYTD", "StockPriceListYTD.csproj", "{79720F18-B508-472C-A35D-71E306702982}"
EndProject
Project("{9A19103F-16F7-4668-BE54-9A1E7A4F7556}") = "StockPriceListYTDDTest", "..\StockPriceListYTDDTest\StockPriceListYTDDTest.csproj", "{83A4562A-B9D0-4635-8C1D-28B7370EE7F9}"
EndProject
Global
	GlobalSection(SolutionConfigurationPlatforms) = preSolution
		Debug|Any CPU = Debug|Any CPU
		Release|Any CPU = Release|Any CPU
	EndGlobalSection
	GlobalSection(ProjectConfigurationPlatforms) = postSolution
		{79720F18-B508-472C-A35D-71E306702982}.Debug|Any CPU.ActiveCfg = Debug|Any CPU
		{79720F18-B508-472C-A35D-71E306702982}.Debug|Any CPU.Build.0 = Debug|Any CPU
		{79720F18-B508-472C-A35D-71E306702982}.Release|Any CPU.ActiveCfg = Release|Any CPU
		{79720F18-B508-472C-A35D-71E306702982}.Release|Any CPU.Build.0 = Release|Any CPU
		{83A4562A-B9D0-4635-8C1D-28B7370EE7F9}.Debug|Any CPU.ActiveCfg = Debug|Any CPU
		{83A4562A-B9D0-4635-8C1D-28B7370EE7F9}.Debug|Any CPU.Build.0 = Debug|Any CPU
		{83A4562A-B9D0-4635-8C1D-28B7370EE7F9}.Release|Any CPU.ActiveCfg = Release|Any CPU
		{83A4562A-B9D0-4635-8C1D-28B7370EE7F9}.Release|Any CPU.Build.0 = Release|Any CPU
	EndGlobalSection
	GlobalSection(SolutionProperties) = preSolution
		HideSolutionNode = FALSE
	EndGlobalSection
	GlobalSection(ExtensibilityGlobals) = postSolution
		SolutionGuid = {E1E8592D-4CDD-4732-9FED-925068ED84FA}
	EndGlobalSection
EndGlobal
